
Microsoft Visual Studio Solution File, Format Version 12.00
# Visual Studio Version 17
VisualStudioVersion = 17.12.35707.178 d17.12
MinimumVisualStudioVersion = 10.0.40219.1
Project("{FAE04EC0-301F-11D3-BF4B-00C04F79EFBC}") = "MotoSecurityX", "MotoSecurityX\MotoSecurityX.csproj", "{AB5B1324-9E6A-4216-8FA3-5D77B49CC4DD}"
EndProject
Global
	GlobalSection(SolutionConfigurationPlatforms) = preSolution
		Debug|Any CPU = Debug|Any CPU
		Release|Any CPU = Release|Any CPU
	EndGlobalSection
	GlobalSection(ProjectConfigurationPlatforms) = postSolution
		{AB5B1324-9E6A-4216-8FA3-5D77B49CC4DD}.Debug|Any CPU.ActiveCfg = Debug|Any CPU
		{AB5B1324-9E6A-4216-8FA3-5D77B49CC4DD}.Debug|Any CPU.Build.0 = Debug|Any CPU
		{AB5B1324-9E6A-4216-8FA3-5D77B49CC4DD}.Release|Any CPU.ActiveCfg = Release|Any CPU
		{AB5B1324-9E6A-4216-8FA3-5D77B49CC4DD}.Release|Any CPU.Build.0 = Release|Any CPU
	EndGlobalSection
	GlobalSection(SolutionProperties) = preSolution
		HideSolutionNode = FALSE
	EndGlobalSection
EndGlobal
